
Microsoft Visual Studio Solution File, Format Version 12.00
# Visual Studio Version 16
VisualStudioVersion = 16.0.30011.22
MinimumVisualStudioVersion = 10.0.40219.1
Project("{FAE04EC0-301F-11D3-BF4B-00C04F79EFBC}") = "egk.netcore-boilerplate.api", "egk.netcore-boilerplate.api\egk.netcore-boilerplate.api.csproj", "{27E6D523-14AF-4F0C-A70B-533F97552CB8}"
EndProject
Global
	GlobalSection(SolutionConfigurationPlatforms) = preSolution
		Debug|Any CPU = Debug|Any CPU
		Release|Any CPU = Release|Any CPU
	EndGlobalSection
	GlobalSection(ProjectConfigurationPlatforms) = postSolution
		{27E6D523-14AF-4F0C-A70B-533F97552CB8}.Debug|Any CPU.ActiveCfg = Debug|Any CPU
		{27E6D523-14AF-4F0C-A70B-533F97552CB8}.Debug|Any CPU.Build.0 = Debug|Any CPU
		{27E6D523-14AF-4F0C-A70B-533F97552CB8}.Release|Any CPU.ActiveCfg = Release|Any CPU
		{27E6D523-14AF-4F0C-A70B-533F97552CB8}.Release|Any CPU.Build.0 = Release|Any CPU
	EndGlobalSection
	GlobalSection(SolutionProperties) = preSolution
		HideSolutionNode = FALSE
	EndGlobalSection
	GlobalSection(ExtensibilityGlobals) = postSolution
		SolutionGuid = {3E0332E1-CE89-43FC-B2BC-997E8C31F1F5}
	EndGlobalSection
EndGlobal
